
Microsoft Visual Studio Solution File, Format Version 12.00
# Visual Studio Version 16
VisualStudioVersion = 16.0.33214.272
MinimumVisualStudioVersion = 10.0.40219.1
Project("{FAE04EC0-301F-11D3-BF4B-00C04F79EFBC}") = "ejercise_2", "ejercise_2\ejercise_2.csproj", "{9AE85319-8425-4AF1-AC48-163B52D66DF1}"
EndProject
Global
	GlobalSection(SolutionConfigurationPlatforms) = preSolution
		Debug|Any CPU = Debug|Any CPU
		Release|Any CPU = Release|Any CPU
	EndGlobalSection
	GlobalSection(ProjectConfigurationPlatforms) = postSolution
		{9AE85319-8425-4AF1-AC48-163B52D66DF1}.Debug|Any CPU.ActiveCfg = Debug|Any CPU
		{9AE85319-8425-4AF1-AC48-163B52D66DF1}.Debug|Any CPU.Build.0 = Debug|Any CPU
		{9AE85319-8425-4AF1-AC48-163B52D66DF1}.Release|Any CPU.ActiveCfg = Release|Any CPU
		{9AE85319-8425-4AF1-AC48-163B52D66DF1}.Release|Any CPU.Build.0 = Release|Any CPU
	EndGlobalSection
	GlobalSection(SolutionProperties) = preSolution
		HideSolutionNode = FALSE
	EndGlobalSection
	GlobalSection(ExtensibilityGlobals) = postSolution
		SolutionGuid = {559433E9-02C3-47E1-8EDE-CE80F84EE66B}
	EndGlobalSection
EndGlobal
